
Microsoft Visual Studio Solution File, Format Version 12.00
# Visual Studio Version 17
VisualStudioVersion = 17.5.002.0
MinimumVisualStudioVersion = 10.0.40219.1
Project("{9A19103F-16F7-4668-BE54-9A1E7A4F7556}") = "dotnetcore", "dotnetcore.csproj", "{574C0FE6-56C3-45C0-89AB-F04A159AC6DB}"
EndProject
Global
	GlobalSection(SolutionConfigurationPlatforms) = preSolution
		Debug|Any CPU = Debug|Any CPU
		Release|Any CPU = Release|Any CPU
	EndGlobalSection
	GlobalSection(ProjectConfigurationPlatforms) = postSolution
		{574C0FE6-56C3-45C0-89AB-F04A159AC6DB}.Debug|Any CPU.ActiveCfg = Debug|Any CPU
		{574C0FE6-56C3-45C0-89AB-F04A159AC6DB}.Debug|Any CPU.Build.0 = Debug|Any CPU
		{574C0FE6-56C3-45C0-89AB-F04A159AC6DB}.Release|Any CPU.ActiveCfg = Release|Any CPU
		{574C0FE6-56C3-45C0-89AB-F04A159AC6DB}.Release|Any CPU.Build.0 = Release|Any CPU
	EndGlobalSection
	GlobalSection(SolutionProperties) = preSolution
		HideSolutionNode = FALSE
	EndGlobalSection
	GlobalSection(ExtensibilityGlobals) = postSolution
		SolutionGuid = {0AE35680-663D-4474-93DF-4851C640EA09}
	EndGlobalSection
EndGlobal
